
Microsoft Visual Studio Solution File, Format Version 12.00
# Visual Studio Version 17
VisualStudioVersion = 17.7.34003.232
MinimumVisualStudioVersion = 10.0.40219.1
Project("{9A19103F-16F7-4668-BE54-9A1E7A4F7556}") = "IAB_Web", "IAB_Web\IAB_Web.csproj", "{419A6993-E85D-4700-8437-19B734C9DA6E}"
EndProject
Project("{9A19103F-16F7-4668-BE54-9A1E7A4F7556}") = "IAB_Core", "IAB_Core\IAB_Core.csproj", "{6D3F6079-BCCB-4AB3-AD00-15F49D7585FE}"
EndProject
Project("{9A19103F-16F7-4668-BE54-9A1E7A4F7556}") = "IAB_Data", "IAB_Data\IAB_Data.csproj", "{6165DA39-E254-484D-848B-1CCF1AEAFDCB}"
EndProject
Global
	GlobalSection(SolutionConfigurationPlatforms) = preSolution
		Debug|Any CPU = Debug|Any CPU
		Release|Any CPU = Release|Any CPU
	EndGlobalSection
	GlobalSection(ProjectConfigurationPlatforms) = postSolution
		{419A6993-E85D-4700-8437-19B734C9DA6E}.Debug|Any CPU.ActiveCfg = Debug|Any CPU
		{419A6993-E85D-4700-8437-19B734C9DA6E}.Debug|Any CPU.Build.0 = Debug|Any CPU
		{419A6993-E85D-4700-8437-19B734C9DA6E}.Release|Any CPU.ActiveCfg = Release|Any CPU
		{419A6993-E85D-4700-8437-19B734C9DA6E}.Release|Any CPU.Build.0 = Release|Any CPU
		{6D3F6079-BCCB-4AB3-AD00-15F49D7585FE}.Debug|Any CPU.ActiveCfg = Debug|Any CPU
		{6D3F6079-BCCB-4AB3-AD00-15F49D7585FE}.Debug|Any CPU.Build.0 = Debug|Any CPU
		{6D3F6079-BCCB-4AB3-AD00-15F49D7585FE}.Release|Any CPU.ActiveCfg = Release|Any CPU
		{6D3F6079-BCCB-4AB3-AD00-15F49D7585FE}.Release|Any CPU.Build.0 = Release|Any CPU
		{6165DA39-E254-484D-848B-1CCF1AEAFDCB}.Debug|Any CPU.ActiveCfg = Debug|Any CPU
		{6165DA39-E254-484D-848B-1CCF1AEAFDCB}.Debug|Any CPU.Build.0 = Debug|Any CPU
		{6165DA39-E254-484D-848B-1CCF1AEAFDCB}.Release|Any CPU.ActiveCfg = Release|Any CPU
		{6165DA39-E254-484D-848B-1CCF1AEAFDCB}.Release|Any CPU.Build.0 = Release|Any CPU
	EndGlobalSection
	GlobalSection(SolutionProperties) = preSolution
		HideSolutionNode = FALSE
	EndGlobalSection
	GlobalSection(ExtensibilityGlobals) = postSolution
		SolutionGuid = {A404C4E1-F7B1-467B-B91C-61B3565DE1C5}
	EndGlobalSection
EndGlobal
