
Microsoft Visual Studio Solution File, Format Version 12.00
# Visual Studio Version 17
VisualStudioVersion = 17.7.34003.232
MinimumVisualStudioVersion = 10.0.40219.1
Project("{9A19103F-16F7-4668-BE54-9A1E7A4F7556}") = "Pizza_Web", "Pizza_Web\Pizza_Web.csproj", "{87032875-5B3E-4812-B5A5-B147253C0831}"
EndProject
Project("{9A19103F-16F7-4668-BE54-9A1E7A4F7556}") = "Pizza_Data", "Pizza_Data\Pizza_Data.csproj", "{A27978CA-8B61-4748-965A-011F455E4963}"
EndProject
Project("{9A19103F-16F7-4668-BE54-9A1E7A4F7556}") = "Pizza_Core", "Pizza_Core\Pizza_Core.csproj", "{C63715C8-1474-47E7-AD74-C5BA5ECB82EA}"
EndProject
Global
	GlobalSection(SolutionConfigurationPlatforms) = preSolution
		Debug|Any CPU = Debug|Any CPU
		Release|Any CPU = Release|Any CPU
	EndGlobalSection
	GlobalSection(ProjectConfigurationPlatforms) = postSolution
		{87032875-5B3E-4812-B5A5-B147253C0831}.Debug|Any CPU.ActiveCfg = Debug|Any CPU
		{87032875-5B3E-4812-B5A5-B147253C0831}.Debug|Any CPU.Build.0 = Debug|Any CPU
		{87032875-5B3E-4812-B5A5-B147253C0831}.Release|Any CPU.ActiveCfg = Release|Any CPU
		{87032875-5B3E-4812-B5A5-B147253C0831}.Release|Any CPU.Build.0 = Release|Any CPU
		{A27978CA-8B61-4748-965A-011F455E4963}.Debug|Any CPU.ActiveCfg = Debug|Any CPU
		{A27978CA-8B61-4748-965A-011F455E4963}.Debug|Any CPU.Build.0 = Debug|Any CPU
		{A27978CA-8B61-4748-965A-011F455E4963}.Release|Any CPU.ActiveCfg = Release|Any CPU
		{A27978CA-8B61-4748-965A-011F455E4963}.Release|Any CPU.Build.0 = Release|Any CPU
		{C63715C8-1474-47E7-AD74-C5BA5ECB82EA}.Debug|Any CPU.ActiveCfg = Debug|Any CPU
		{C63715C8-1474-47E7-AD74-C5BA5ECB82EA}.Debug|Any CPU.Build.0 = Debug|Any CPU
		{C63715C8-1474-47E7-AD74-C5BA5ECB82EA}.Release|Any CPU.ActiveCfg = Release|Any CPU
		{C63715C8-1474-47E7-AD74-C5BA5ECB82EA}.Release|Any CPU.Build.0 = Release|Any CPU
	EndGlobalSection
	GlobalSection(SolutionProperties) = preSolution
		HideSolutionNode = FALSE
	EndGlobalSection
	GlobalSection(ExtensibilityGlobals) = postSolution
		SolutionGuid = {040735DB-87EF-4A58-8822-84A24AD165A9}
	EndGlobalSection
EndGlobal
